
Microsoft Visual Studio Solution File, Format Version 12.00
# Visual Studio Version 17
VisualStudioVersion = 17.4.33213.308
MinimumVisualStudioVersion = 10.0.40219.1
Project("{9A19103F-16F7-4668-BE54-9A1E7A4F7556}") = "Sqs.Api", "Sqs.Api\Sqs.Api.csproj", "{5B639676-8669-4BD2-9A2F-FE5E8778E2CE}"
EndProject
Project("{FAE04EC0-301F-11D3-BF4B-00C04F79EFBC}") = "Sqs.Consumer", "Sqs.Consumer\Sqs.Consumer.csproj", "{D238FBC3-2A6B-4037-B550-20D1D42119B5}"
EndProject
Global
	GlobalSection(SolutionConfigurationPlatforms) = preSolution
		Debug|Any CPU = Debug|Any CPU
		Release|Any CPU = Release|Any CPU
	EndGlobalSection
	GlobalSection(ProjectConfigurationPlatforms) = postSolution
		{5B639676-8669-4BD2-9A2F-FE5E8778E2CE}.Debug|Any CPU.ActiveCfg = Debug|Any CPU
		{5B639676-8669-4BD2-9A2F-FE5E8778E2CE}.Debug|Any CPU.Build.0 = Debug|Any CPU
		{5B639676-8669-4BD2-9A2F-FE5E8778E2CE}.Release|Any CPU.ActiveCfg = Release|Any CPU
		{5B639676-8669-4BD2-9A2F-FE5E8778E2CE}.Release|Any CPU.Build.0 = Release|Any CPU
		{D238FBC3-2A6B-4037-B550-20D1D42119B5}.Debug|Any CPU.ActiveCfg = Debug|Any CPU
		{D238FBC3-2A6B-4037-B550-20D1D42119B5}.Debug|Any CPU.Build.0 = Debug|Any CPU
		{D238FBC3-2A6B-4037-B550-20D1D42119B5}.Release|Any CPU.ActiveCfg = Release|Any CPU
		{D238FBC3-2A6B-4037-B550-20D1D42119B5}.Release|Any CPU.Build.0 = Release|Any CPU
	EndGlobalSection
	GlobalSection(SolutionProperties) = preSolution
		HideSolutionNode = FALSE
	EndGlobalSection
	GlobalSection(ExtensibilityGlobals) = postSolution
		SolutionGuid = {8AD1F2B1-FD01-440C-B738-1D4CE7889DDD}
	EndGlobalSection
EndGlobal
